
Microsoft Visual Studio Solution File, Format Version 12.00
# Visual Studio 15
VisualStudioVersion = 15.0.28010.2048
MinimumVisualStudioVersion = 10.0.40219.1
Project("{FAE04EC0-301F-11D3-BF4B-00C04F79EFBC}") = "AddressBookDemo", "AddressBookDemo\AddressBookDemo.csproj", "{00F106A9-CAAE-4559-9C28-042F1A8D6218}"
EndProject
Global
	GlobalSection(SolutionConfigurationPlatforms) = preSolution
		Debug|Any CPU = Debug|Any CPU
		Release|Any CPU = Release|Any CPU
	EndGlobalSection
	GlobalSection(ProjectConfigurationPlatforms) = postSolution
		{00F106A9-CAAE-4559-9C28-042F1A8D6218}.Debug|Any CPU.ActiveCfg = Debug|Any CPU
		{00F106A9-CAAE-4559-9C28-042F1A8D6218}.Debug|Any CPU.Build.0 = Debug|Any CPU
		{00F106A9-CAAE-4559-9C28-042F1A8D6218}.Release|Any CPU.ActiveCfg = Release|Any CPU
		{00F106A9-CAAE-4559-9C28-042F1A8D6218}.Release|Any CPU.Build.0 = Release|Any CPU
	EndGlobalSection
	GlobalSection(SolutionProperties) = preSolution
		HideSolutionNode = FALSE
	EndGlobalSection
	GlobalSection(ExtensibilityGlobals) = postSolution
		SolutionGuid = {9AAAF2F8-B658-4E3C-88C0-19BD335F2A63}
	EndGlobalSection
EndGlobal
